// !$*UTF8*$!
{
	archiveVersion = 1;
	classes = {
	};
	objectVersion = 50;
	objects = {

/* Begin PBXBuildFile section */
		1A3F2ACC218FCEFF000C5173 /* AppDelegate.m in Sources */ = {isa = PBXBuildFile; fileRef = 1A3F2ACB218FCEFF000C5173 /* AppDelegate.m */; };
		1A3F2ACF218FCF00000C5173 /* FirstViewController.m in Sources */ = {isa = PBXBuildFile; fileRef = 1A3F2ACE218FCF00000C5173 /* FirstViewController.m */; };
		1A3F2AD2218FCF00000C5173 /* SecondViewController.m in Sources */ = {isa = PBXBuildFile; fileRef = 1A3F2AD1218FCF00000C5173 /* SecondViewController.m */; };
		1A3F2AD5218FCF01000C5173 /* Main.storyboard in Resources */ = {isa = PBXBuildFile; fileRef = 1A3F2AD3218FCF01000C5173 /* Main.storyboard */; };
		1A3F2AD7218FCF1C000C5173 /* Assets.xcassets in Resources */ = {isa = PBXBuildFile; fileRef = 1A3F2AD6218FCF1C000C5173 /* Assets.xcassets */; };
		1A3F2ADA218FCF1C000C5173 /* LaunchScreen.storyboard in Resources */ = {isa = PBXBuildFile; fileRef = 1A3F2AD8218FCF1C000C5173 /* LaunchScreen.storyboard */; };
		1A3F2ADD218FCF1C000C5173 /* main.m in Sources */ = {isa = PBXBuildFile; fileRef = 1A3F2ADC218FCF1C000C5173 /* main.m */; };
		1A3F2AE7218FCF1D000C5173 /* coremlbenchmarkTests.m in Sources */ = {isa = PBXBuildFile; fileRef = 1A3F2AE6218FCF1D000C5173 /* coremlbenchmarkTests.m */; };
		1A3F2AF2218FCF1D000C5173 /* coremlbenchmarkUITests.m in Sources */ = {isa = PBXBuildFile; fileRef = 1A3F2AF1218FCF1D000C5173 /* coremlbenchmarkUITests.m */; };
		1A3F2B01218FE7D1000C5173 /* UIImage+UIImage_resize_crop.m in Sources */ = {isa = PBXBuildFile; fileRef = 1A3F2B00218FE7D1000C5173 /* UIImage+UIImage_resize_crop.m */; };
		1A3F2B032190229A000C5173 /* MobileNet.mlmodel in Sources */ = {isa = PBXBuildFile; fileRef = 1A3F2B022190229A000C5173 /* MobileNet.mlmodel */; };
		1AD51F532191330A00A43096 /* ThirdViewController.m in Sources */ = {isa = PBXBuildFile; fileRef = 1AD51F522191330A00A43096 /* ThirdViewController.m */; };
		1AD51F552191340300A43096 /* Inceptionv3.mlmodel in Sources */ = {isa = PBXBuildFile; fileRef = 1AD51F542191340300A43096 /* Inceptionv3.mlmodel */; };
		1AD51F5721913A9E00A43096 /* ResNet50.mlmodel in Sources */ = {isa = PBXBuildFile; fileRef = 1AD51F5621913A9E00A43096 /* ResNet50.mlmodel */; };
		1AD51F5921913AFC00A43096 /* FourthViewController.m in Sources */ = {isa = PBXBuildFile; fileRef = 1AD51F5821913AFC00A43096 /* FourthViewController.m */; };
		1ADB4A532190755300F4C1A9 /* MobileNetV2.mlmodel in Sources */ = {isa = PBXBuildFile; fileRef = 1ADB4A522190755300F4C1A9 /* MobileNetV2.mlmodel */; };
/* End PBXBuildFile section */

/* Begin PBXContainerItemProxy section */
		1A3F2AE3218FCF1C000C5173 /* PBXContainerItemProxy */ = {
			isa = PBXContainerItemProxy;
			containerPortal = 1A3F2ABF218FCEFC000C5173 /* Project object */;
			proxyType = 1;
			remoteGlobalIDString = 1A3F2AC6218FCEFD000C5173;
			remoteInfo = coremlbenchmark;
		};
		1A3F2AEE218FCF1D000C5173 /* PBXContainerItemProxy */ = {
			isa = PBXContainerItemProxy;
			containerPortal = 1A3F2ABF218FCEFC000C5173 /* Project object */;
			proxyType = 1;
			remoteGlobalIDString = 1A3F2AC6218FCEFD000C5173;
			remoteInfo = coremlbenchmark;
		};
/* End PBXContainerItemProxy section */

/* Begin PBXFileReference section */
		1A3F2AC7218FCEFE000C5173 /* coremlbenchmark.app */ = {isa = PBXFileReference; explicitFileType = wrapper.application; includeInIndex = 0; path = coremlbenchmark.app; sourceTree = BUILT_PRODUCTS_DIR; };
		1A3F2ACA218FCEFF000C5173 /* AppDelegate.h */ = {isa = PBXFileReference; lastKnownFileType = sourcecode.c.h; path = AppDelegate.h; sourceTree = "<group>"; };
		1A3F2ACB218FCEFF000C5173 /* AppDelegate.m */ = {isa = PBXFileReference; lastKnownFileType = sourcecode.c.objc; path = AppDelegate.m; sourceTree = "<group>"; };
		1A3F2ACD218FCF00000C5173 /* FirstViewController.h */ = {isa = PBXFileReference; lastKnownFileType = sourcecode.c.h; path = FirstViewController.h; sourceTree = "<group>"; };
		1A3F2ACE218FCF00000C5173 /* FirstViewController.m */ = {isa = PBXFileReference; lastKnownFileType = sourcecode.c.objc; path = FirstViewController.m; sourceTree = "<group>"; };
		1A3F2AD0218FCF00000C5173 /* SecondViewController.h */ = {isa = PBXFileReference; lastKnownFileType = sourcecode.c.h; path = SecondViewController.h; sourceTree = "<group>"; };
		1A3F2AD1218FCF00000C5173 /* SecondViewController.m */ = {isa = PBXFileReference; lastKnownFileType = sourcecode.c.objc; path = SecondViewController.m; sourceTree = "<group>"; };
		1A3F2AD4218FCF01000C5173 /* Base */ = {isa = PBXFileReference; lastKnownFileType = file.storyboard; name = Base; path = Base.lproj/Main.storyboard; sourceTree = "<group>"; };
		1A3F2AD6218FCF1C000C5173 /* Assets.xcassets */ = {isa = PBXFileReference; lastKnownFileType = folder.assetcatalog; path = Assets.xcassets; sourceTree = "<group>"; };
		1A3F2AD9218FCF1C000C5173 /* Base */ = {isa = PBXFileReference; lastKnownFileType = file.storyboard; name = Base; path = Base.lproj/LaunchScreen.storyboard; sourceTree = "<group>"; };
		1A3F2ADB218FCF1C000C5173 /* Info.plist */ = {isa = PBXFileReference; lastKnownFileType = text.plist.xml; path = Info.plist; sourceTree = "<group>"; };
		1A3F2ADC218FCF1C000C5173 /* main.m */ = {isa = PBXFileReference; lastKnownFileType = sourcecode.c.objc; path = main.m; sourceTree = "<group>"; };
		1A3F2AE2218FCF1C000C5173 /* coremlbenchmarkTests.xctest */ = {isa = PBXFileReference; explicitFileType = wrapper.cfbundle; includeInIndex = 0; path = coremlbenchmarkTests.xctest; sourceTree = BUILT_PRODUCTS_DIR; };
		1A3F2AE6218FCF1D000C5173 /* coremlbenchmarkTests.m */ = {isa = PBXFileReference; lastKnownFileType = sourcecode.c.objc; path = coremlbenchmarkTests.m; sourceTree = "<group>"; };
		1A3F2AE8218FCF1D000C5173 /* Info.plist */ = {isa = PBXFileReference; lastKnownFileType = text.plist.xml; path = Info.plist; sourceTree = "<group>"; };
		1A3F2AED218FCF1D000C5173 /* coremlbenchmarkUITests.xctest */ = {isa = PBXFileReference; explicitFileType = wrapper.cfbundle; includeInIndex = 0; path = coremlbenchmarkUITests.xctest; sourceTree = BUILT_PRODUCTS_DIR; };
		1A3F2AF1218FCF1D000C5173 /* coremlbenchmarkUITests.m */ = {isa = PBXFileReference; lastKnownFileType = sourcecode.c.objc; path = coremlbenchmarkUITests.m; sourceTree = "<group>"; };
		1A3F2AF3218FCF1D000C5173 /* Info.plist */ = {isa = PBXFileReference; lastKnownFileType = text.plist.xml; path = Info.plist; sourceTree = "<group>"; };
		1A3F2AFF218FE7D1000C5173 /* UIImage+UIImage_resize_crop.h */ = {isa = PBXFileReference; lastKnownFileType = sourcecode.c.h; path = "UIImage+UIImage_resize_crop.h"; sourceTree = "<group>"; };
		1A3F2B00218FE7D1000C5173 /* UIImage+UIImage_resize_crop.m */ = {isa = PBXFileReference; lastKnownFileType = sourcecode.c.objc; path = "UIImage+UIImage_resize_crop.m"; sourceTree = "<group>"; };
		1A3F2B022190229A000C5173 /* MobileNet.mlmodel */ = {isa = PBXFileReference; lastKnownFileType = file.mlmodel; path = MobileNet.mlmodel; sourceTree = "<group>"; };
		1AD51F51219132C200A43096 /* ThirdViewController.h */ = {isa = PBXFileReference; lastKnownFileType = sourcecode.c.h; path = ThirdViewController.h; sourceTree = "<group>"; };
		1AD51F522191330A00A43096 /* ThirdViewController.m */ = {isa = PBXFileReference; lastKnownFileType = sourcecode.c.objc; path = ThirdViewController.m; sourceTree = "<group>"; };
		1AD51F542191340300A43096 /* Inceptionv3.mlmodel */ = {isa = PBXFileReference; lastKnownFileType = file.mlmodel; path = Inceptionv3.mlmodel; sourceTree = "<group>"; };
		1AD51F5621913A9E00A43096 /* ResNet50.mlmodel */ = {isa = PBXFileReference; lastKnownFileType = file.mlmodel; path = ResNet50.mlmodel; sourceTree = "<group>"; };
		1AD51F5821913AFC00A43096 /* FourthViewController.m */ = {isa = PBXFileReference; lastKnownFileType = sourcecode.c.objc; path = FourthViewController.m; sourceTree = "<group>"; };
		1AD51F5A21913B1000A43096 /* FourthViewController.h */ = {isa = PBXFileReference; lastKnownFileType = sourcecode.c.h; path = FourthViewController.h; sourceTree = "<group>"; };
		1ADB4A522190755300F4C1A9 /* MobileNetV2.mlmodel */ = {isa = PBXFileReference; lastKnownFileType = file.mlmodel; path = MobileNetV2.mlmodel; sourceTree = "<group>"; };
/* End PBXFileReference section */

/* Begin PBXFrameworksBuildPhase section */
		1A3F2AC4218FCEFD000C5173 /* Frameworks */ = {
			isa = PBXFrameworksBuildPhase;
			buildActionMask = 2147483647;
			files = (
			);
			runOnlyForDeploymentPostprocessing = 0;
		};
		1A3F2ADF218FCF1C000C5173 /* Frameworks */ = {
			isa = PBXFrameworksBuildPhase;
			buildActionMask = 2147483647;
			files = (
			);
			runOnlyForDeploymentPostprocessing = 0;
		};
		1A3F2AEA218FCF1D000C5173 /* Frameworks */ = {
			isa = PBXFrameworksBuildPhase;
			buildActionMask = 2147483647;
			files = (
			);
			runOnlyForDeploymentPostprocessing = 0;
		};
/* End PBXFrameworksBuildPhase section */

/* Begin PBXGroup section */
		1A3F2ABE218FCEFB000C5173 = {
			isa = PBXGroup;
			children = (
				1A3F2AC9218FCEFE000C5173 /* coremlbenchmark */,
				1A3F2AE5218FCF1C000C5173 /* coremlbenchmarkTests */,
				1A3F2AF0218FCF1D000C5173 /* coremlbenchmarkUITests */,
				1A3F2AC8218FCEFE000C5173 /* Products */,
			);
			sourceTree = "<group>";
		};
		1A3F2AC8218FCEFE000C5173 /* Products */ = {
			isa = PBXGroup;
			children = (
				1A3F2AC7218FCEFE000C5173 /* coremlbenchmark.app */,
				1A3F2AE2218FCF1C000C5173 /* coremlbenchmarkTests.xctest */,
				1A3F2AED218FCF1D000C5173 /* coremlbenchmarkUITests.xctest */,
			);
			name = Products;
			sourceTree = "<group>";
		};
		1A3F2AC9218FCEFE000C5173 /* coremlbenchmark */ = {
			isa = PBXGroup;
			children = (
				1A3F2ACA218FCEFF000C5173 /* AppDelegate.h */,
				1A3F2ACB218FCEFF000C5173 /* AppDelegate.m */,
				1A3F2ACD218FCF00000C5173 /* FirstViewController.h */,
				1A3F2ACE218FCF00000C5173 /* FirstViewController.m */,
				1A3F2AD0218FCF00000C5173 /* SecondViewController.h */,
				1A3F2AD1218FCF00000C5173 /* SecondViewController.m */,
				1AD51F51219132C200A43096 /* ThirdViewController.h */,
				1AD51F522191330A00A43096 /* ThirdViewController.m */,
				1AD51F5A21913B1000A43096 /* FourthViewController.h */,
				1AD51F5821913AFC00A43096 /* FourthViewController.m */,
				1A3F2AFF218FE7D1000C5173 /* UIImage+UIImage_resize_crop.h */,
				1A3F2B00218FE7D1000C5173 /* UIImage+UIImage_resize_crop.m */,
				1A3F2AD3218FCF01000C5173 /* Main.storyboard */,
				1A3F2AD6218FCF1C000C5173 /* Assets.xcassets */,
				1A3F2AD8218FCF1C000C5173 /* LaunchScreen.storyboard */,
				1A3F2ADB218FCF1C000C5173 /* Info.plist */,
				1A3F2B022190229A000C5173 /* MobileNet.mlmodel */,
				1AD51F542191340300A43096 /* Inceptionv3.mlmodel */,
				1ADB4A522190755300F4C1A9 /* MobileNetV2.mlmodel */,
				1AD51F5621913A9E00A43096 /* ResNet50.mlmodel */,
				1A3F2ADC218FCF1C000C5173 /* main.m */,
			);
			path = coremlbenchmark;
			sourceTree = "<group>";
		};
		1A3F2AE5218FCF1C000C5173 /* coremlbenchmarkTests */ = {
			isa = PBXGroup;
			children = (
				1A3F2AE6218FCF1D000C5173 /* coremlbenchmarkTests.m */,
				1A3F2AE8218FCF1D000C5173 /* Info.plist */,
			);
			path = coremlbenchmarkTests;
			sourceTree = "<group>";
		};
		1A3F2AF0218FCF1D000C5173 /* coremlbenchmarkUITests */ = {
			isa = PBXGroup;
			children = (
				1A3F2AF1218FCF1D000C5173 /* coremlbenchmarkUITests.m */,
				1A3F2AF3218FCF1D000C5173 /* Info.plist */,
			);
			path = coremlbenchmarkUITests;
			sourceTree = "<group>";
		};
/* End PBXGroup section */

/* Begin PBXNativeTarget section */
		1A3F2AC6218FCEFD000C5173 /* coremlbenchmark */ = {
			isa = PBXNativeTarget;
			buildConfigurationList = 1A3F2AF6218FCF1D000C5173 /* Build configuration list for PBXNativeTarget "coremlbenchmark" */;
			buildPhases = (
				1A3F2AC3218FCEFD000C5173 /* Sources */,
				1A3F2AC4218FCEFD000C5173 /* Frameworks */,
				1A3F2AC5218FCEFD000C5173 /* Resources */,
			);
			buildRules = (
			);
			dependencies = (
			);
			name = coremlbenchmark;
			productName = coremlbenchmark;
			productReference = 1A3F2AC7218FCEFE000C5173 /* coremlbenchmark.app */;
			productType = "com.apple.product-type.application";
		};
		1A3F2AE1218FCF1C000C5173 /* coremlbenchmarkTests */ = {
			isa = PBXNativeTarget;
			buildConfigurationList = 1A3F2AF9218FCF1D000C5173 /* Build configuration list for PBXNativeTarget "coremlbenchmarkTests" */;
			buildPhases = (
				1A3F2ADE218FCF1C000C5173 /* Sources */,
				1A3F2ADF218FCF1C000C5173 /* Frameworks */,
				1A3F2AE0218FCF1C000C5173 /* Resources */,
			);
			buildRules = (
			);
			dependencies = (
				1A3F2AE4218FCF1C000C5173 /* PBXTargetDependency */,
			);
			name = coremlbenchmarkTests;
			productName = coremlbenchmarkTests;
			productReference = 1A3F2AE2218FCF1C000C5173 /* coremlbenchmarkTests.xctest */;
			productType = "com.apple.product-type.bundle.unit-test";
		};
		1A3F2AEC218FCF1D000C5173 /* coremlbenchmarkUITests */ = {
			isa = PBXNativeTarget;
			buildConfigurationList = 1A3F2AFC218FCF1D000C5173 /* Build configuration list for PBXNativeTarget "coremlbenchmarkUITests" */;
			buildPhases = (
				1A3F2AE9218FCF1D000C5173 /* Sources */,
				1A3F2AEA218FCF1D000C5173 /* Frameworks */,
				1A3F2AEB218FCF1D000C5173 /* Resources */,
			);
			buildRules = (
			);
			dependencies = (
				1A3F2AEF218FCF1D000C5173 /* PBXTargetDependency */,
			);
			name = coremlbenchmarkUITests;
			productName = coremlbenchmarkUITests;
			productReference = 1A3F2AED218FCF1D000C5173 /* coremlbenchmarkUITests.xctest */;
			productType = "com.apple.product-type.bundle.ui-testing";
		};
/* End PBXNativeTarget section */

/* Begin PBXProject section */
		1A3F2ABF218FCEFC000C5173 /* Project object */ = {
			isa = PBXProject;
			attributes = {
				LastUpgradeCheck = 1010;
				ORGANIZATIONNAME = "Koan-Sin Tan";
				TargetAttributes = {
					1A3F2AC6218FCEFD000C5173 = {
						CreatedOnToolsVersion = 10.1;
					};
					1A3F2AE1218FCF1C000C5173 = {
						CreatedOnToolsVersion = 10.1;
						TestTargetID = 1A3F2AC6218FCEFD000C5173;
					};
					1A3F2AEC218FCF1D000C5173 = {
						CreatedOnToolsVersion = 10.1;
						TestTargetID = 1A3F2AC6218FCEFD000C5173;
					};
				};
			};
			buildConfigurationList = 1A3F2AC2218FCEFC000C5173 /* Build configuration list for PBXProject "coremlbenchmark" */;
			compatibilityVersion = "Xcode 9.3";
			developmentRegion = en;
			hasScannedForEncodings = 0;
			knownRegions = (
				en,
				Base,
			);
			mainGroup = 1A3F2ABE218FCEFB000C5173;
			productRefGroup = 1A3F2AC8218FCEFE000C5173 /* Products */;
			projectDirPath = "";
			projectRoot = "";
			targets = (
				1A3F2AC6218FCEFD000C5173 /* coremlbenchmark */,
				1A3F2AE1218FCF1C000C5173 /* coremlbenchmarkTests */,
				1A3F2AEC218FCF1D000C5173 /* coremlbenchmarkUITests */,
			);
		};
/* End PBXProject section */

/* Begin PBXResourcesBuildPhase section */
		1A3F2AC5218FCEFD000C5173 /* Resources */ = {
			isa = PBXResourcesBuildPhase;
			buildActionMask = 2147483647;
			files = (
				1A3F2ADA218FCF1C000C5173 /* LaunchScreen.storyboard in Resources */,
				1A3F2AD7218FCF1C000C5173 /* Assets.xcassets in Resources */,
				1A3F2AD5218FCF01000C5173 /* Main.storyboard in Resources */,
			);
			runOnlyForDeploymentPostprocessing = 0;
		};
		1A3F2AE0218FCF1C000C5173 /* Resources */ = {
			isa = PBXResourcesBuildPhase;
			buildActionMask = 2147483647;
			files = (
			);
			runOnlyForDeploymentPostprocessing = 0;
		};
		1A3F2AEB218FCF1D000C5173 /* Resources */ = {
			isa = PBXResourcesBuildPhase;
			buildActionMask = 2147483647;
			files = (
			);
			runOnlyForDeploymentPostprocessing = 0;
		};
/* End PBXResourcesBuildPhase section */

/* Begin PBXSourcesBuildPhase section */
		1A3F2AC3218FCEFD000C5173 /* Sources */ = {
			isa = PBXSourcesBuildPhase;
			buildActionMask = 2147483647;
			files = (
				1AD51F5721913A9E00A43096 /* ResNet50.mlmodel in Sources */,
				1ADB4A532190755300F4C1A9 /* MobileNetV2.mlmodel in Sources */,
				1AD51F552191340300A43096 /* Inceptionv3.mlmodel in Sources */,
				1A3F2AD2218FCF00000C5173 /* SecondViewController.m in Sources */,
				1AD51F532191330A00A43096 /* ThirdViewController.m in Sources */,
				1AD51F5921913AFC00A43096 /* FourthViewController.m in Sources */,
				1A3F2B01218FE7D1000C5173 /* UIImage+UIImage_resize_crop.m in Sources */,
				1A3F2B032190229A000C5173 /* MobileNet.mlmodel in Sources */,
				1A3F2ACC218FCEFF000C5173 /* AppDelegate.m in Sources */,
				1A3F2ADD218FCF1C000C5173 /* main.m in Sources */,
				1A3F2ACF218FCF00000C5173 /* FirstViewController.m in Sources */,
			);
			runOnlyForDeploymentPostprocessing = 0;
		};
		1A3F2ADE218FCF1C000C5173 /* Sources */ = {
			isa = PBXSourcesBuildPhase;
			buildActionMask = 2147483647;
			files = (
				1A3F2AE7218FCF1D000C5173 /* coremlbenchmarkTests.m in Sources */,
			);
			runOnlyForDeploymentPostprocessing = 0;
		};
		1A3F2AE9218FCF1D000C5173 /* Sources */ = {
			isa = PBXSourcesBuildPhase;
			buildActionMask = 2147483647;
			files = (
				1A3F2AF2218FCF1D000C5173 /* coremlbenchmarkUITests.m in Sources */,
			);
			runOnlyForDeploymentPostprocessing = 0;
		};
/* End PBXSourcesBuildPhase section */

/* Begin PBXTargetDependency section */
		1A3F2AE4218FCF1C000C5173 /* PBXTargetDependency */ = {
			isa = PBXTargetDependency;
			target = 1A3F2AC6218FCEFD000C5173 /* coremlbenchmark */;
			targetProxy = 1A3F2AE3218FCF1C000C5173 /* PBXContainerItemProxy */;
		};
		1A3F2AEF218FCF1D000C5173 /* PBXTargetDependency */ = {
			isa = PBXTargetDependency;
			target = 1A3F2AC6218FCEFD000C5173 /* coremlbenchmark */;
			targetProxy = 1A3F2AEE218FCF1D000C5173 /* PBXContainerItemProxy */;
		};
/* End PBXTargetDependency section */

/* Begin PBXVariantGroup section */
		1A3F2AD3218FCF01000C5173 /* Main.storyboard */ = {
			isa = PBXVariantGroup;
			children = (
				1A3F2AD4218FCF01000C5173 /* Base */,
			);
			name = Main.storyboard;
			sourceTree = "<group>";
		};
		1A3F2AD8218FCF1C000C5173 /* LaunchScreen.storyboard */ = {
			isa = PBXVariantGroup;
			children = (
				1A3F2AD9218FCF1C000C5173 /* Base */,
			);
			name = LaunchScreen.storyboard;
			sourceTree = "<group>";
		};
/* End PBXVariantGroup section */

/* Begin XCBuildConfiguration section */
		1A3F2AF4218FCF1D000C5173 /* Debug */ = {
			isa = XCBuildConfiguration;
			buildSettings = {
				ALWAYS_SEARCH_USER_PATHS = NO;
				CLANG_ANALYZER_NONNULL = YES;
				CLANG_ANALYZER_NUMBER_OBJECT_CONVERSION = YES_AGGRESSIVE;
				CLANG_CXX_LANGUAGE_STANDARD = "gnu++14";
				CLANG_CXX_LIBRARY = "libc++";
				CLANG_ENABLE_MODULES = YES;
				CLANG_ENABLE_OBJC_ARC = YES;
				CLANG_ENABLE_OBJC_WEAK = YES;
				CLANG_WARN_BLOCK_CAPTURE_AUTORELEASING = YES;
				CLANG_WARN_BOOL_CONVERSION = YES;
				CLANG_WARN_COMMA = YES;
				CLANG_WARN_CONSTANT_CONVERSION = YES;
				CLANG_WARN_DEPRECATED_OBJC_IMPLEMENTATIONS = YES;
				CLANG_WARN_DIRECT_OBJC_ISA_USAGE = YES_ERROR;
				CLANG_WARN_DOCUMENTATION_COMMENTS = YES;
				CLANG_WARN_EMPTY_BODY = YES;
				CLANG_WARN_ENUM_CONVERSION = YES;
				CLANG_WARN_INFINITE_RECURSION = YES;
				CLANG_WARN_INT_CONVERSION = YES;
				CLANG_WARN_NON_LITERAL_NULL_CONVERSION = YES;
				CLANG_WARN_OBJC_IMPLICIT_RETAIN_SELF = YES;
				CLANG_WARN_OBJC_LITERAL_CONVERSION = YES;
				CLANG_WARN_OBJC_ROOT_CLASS = YES_ERROR;
				CLANG_WARN_RANGE_LOOP_ANALYSIS = YES;
				CLANG_WARN_STRICT_PROTOTYPES = YES;
				CLANG_WARN_SUSPICIOUS_MOVE = YES;
				CLANG_WARN_UNGUARDED_AVAILABILITY = YES_AGGRESSIVE;
				CLANG_WARN_UNREACHABLE_CODE = YES;
				CLANG_WARN__DUPLICATE_METHOD_MATCH = YES;
				CODE_SIGN_IDENTITY = "iPhone Developer";
				COPY_PHASE_STRIP = NO;
				DEBUG_INFORMATION_FORMAT = dwarf;
				ENABLE_STRICT_OBJC_MSGSEND = YES;
				ENABLE_TESTABILITY = YES;
				GCC_C_LANGUAGE_STANDARD = gnu11;
				GCC_DYNAMIC_NO_PIC = NO;
				GCC_NO_COMMON_BLOCKS = YES;
				GCC_OPTIMIZATION_LEVEL = 0;
				GCC_PREPROCESSOR_DEFINITIONS = (
					"DEBUG=1",
					"$(inherited)",
				);
				GCC_WARN_64_TO_32_BIT_CONVERSION = YES;
				GCC_WARN_ABOUT_RETURN_TYPE = YES_ERROR;
				GCC_WARN_UNDECLARED_SELECTOR = YES;
				GCC_WARN_UNINITIALIZED_AUTOS = YES_AGGRESSIVE;
				GCC_WARN_UNUSED_FUNCTION = YES;
				GCC_WARN_UNUSED_VARIABLE = YES;
				IPHONEOS_DEPLOYMENT_TARGET = 12.1;
				MTL_ENABLE_DEBUG_INFO = INCLUDE_SOURCE;
				MTL_FAST_MATH = YES;
				ONLY_ACTIVE_ARCH = YES;
				SDKROOT = iphoneos;
			};
			name = Debug;
		};
		1A3F2AF5218FCF1D000C5173 /* Release */ = {
			isa = XCBuildConfiguration;
			buildSettings = {
				ALWAYS_SEARCH_USER_PATHS = NO;
				CLANG_ANALYZER_NONNULL = YES;
				CLANG_ANALYZER_NUMBER_OBJECT_CONVERSION = YES_AGGRESSIVE;
				CLANG_CXX_LANGUAGE_STANDARD = "gnu++14";
				CLANG_CXX_LIBRARY = "libc++";
				CLANG_ENABLE_MODULES = YES;
				CLANG_ENABLE_OBJC_ARC = YES;
				CLANG_ENABLE_OBJC_WEAK = YES;
				CLANG_WARN_BLOCK_CAPTURE_AUTORELEASING = YES;
				CLANG_WARN_BOOL_CONVERSION = YES;
				CLANG_WARN_COMMA = YES;
				CLANG_WARN_CONSTANT_CONVERSION = YES;
				CLANG_WARN_DEPRECATED_OBJC_IMPLEMENTATIONS = YES;
				CLANG_WARN_DIRECT_OBJC_ISA_USAGE = YES_ERROR;
				CLANG_WARN_DOCUMENTATION_COMMENTS = YES;
				CLANG_WARN_EMPTY_BODY = YES;
				CLANG_WARN_ENUM_CONVERSION = YES;
				CLANG_WARN_INFINITE_RECURSION = YES;
				CLANG_WARN_INT_CONVERSION = YES;
				CLANG_WARN_NON_LITERAL_NULL_CONVERSION = YES;
				CLANG_WARN_OBJC_IMPLICIT_RETAIN_SELF = YES;
				CLANG_WARN_OBJC_LITERAL_CONVERSION = YES;
				CLANG_WARN_OBJC_ROOT_CLASS = YES_ERROR;
				CLANG_WARN_RANGE_LOOP_ANALYSIS = YES;
				CLANG_WARN_STRICT_PROTOTYPES = YES;
				CLANG_WARN_SUSPICIOUS_MOVE = YES;
				CLANG_WARN_UNGUARDED_AVAILABILITY = YES_AGGRESSIVE;
				CLANG_WARN_UNREACHABLE_CODE = YES;
				CLANG_WARN__DUPLICATE_METHOD_MATCH = YES;
				CODE_SIGN_IDENTITY = "iPhone Developer";
				COPY_PHASE_STRIP = NO;
				DEBUG_INFORMATION_FORMAT = "dwarf-with-dsym";
				ENABLE_NS_ASSERTIONS = NO;
				ENABLE_STRICT_OBJC_MSGSEND = YES;
				GCC_C_LANGUAGE_STANDARD = gnu11;
				GCC_NO_COMMON_BLOCKS = YES;
				GCC_WARN_64_TO_32_BIT_CONVERSION = YES;
				GCC_WARN_ABOUT_RETURN_TYPE = YES_ERROR;
				GCC_WARN_UNDECLARED_SELECTOR = YES;
				GCC_WARN_UNINITIALIZED_AUTOS = YES_AGGRESSIVE;
				GCC_WARN_UNUSED_FUNCTION = YES;
				GCC_WARN_UNUSED_VARIABLE = YES;
				IPHONEOS_DEPLOYMENT_TARGET = 12.1;
				MTL_ENABLE_DEBUG_INFO = NO;
				MTL_FAST_MATH = YES;
				SDKROOT = iphoneos;
				VALIDATE_PRODUCT = YES;
			};
			name = Release;
		};
		1A3F2AF7218FCF1D000C5173 /* Debug */ = {
			isa = XCBuildConfiguration;
			buildSettings = {
				ASSETCATALOG_COMPILER_APPICON_NAME = AppIcon;
				CODE_SIGN_STYLE = Automatic;
				DEVELOPMENT_TEAM = PG35EX39B6;
				INFOPLIST_FILE = coremlbenchmark/Info.plist;
				LD_RUNPATH_SEARCH_PATHS = (
					"$(inherited)",
					"@executable_path/Frameworks",
				);
				PRODUCT_BUNDLE_IDENTIFIER = com.mediatek.coremlbenchmark;
				PRODUCT_NAME = "$(TARGET_NAME)";
				TARGETED_DEVICE_FAMILY = "1,2";
			};
			name = Debug;
		};
		1A3F2AF8218FCF1D000C5173 /* Release */ = {
			isa = XCBuildConfiguration;
			buildSettings = {
				ASSETCATALOG_COMPILER_APPICON_NAME = AppIcon;
				CODE_SIGN_STYLE = Automatic;
				DEVELOPMENT_TEAM = PG35EX39B6;
				INFOPLIST_FILE = coremlbenchmark/Info.plist;
				LD_RUNPATH_SEARCH_PATHS = (
					"$(inherited)",
					"@executable_path/Frameworks",
				);
				PRODUCT_BUNDLE_IDENTIFIER = com.mediatek.coremlbenchmark;
				PRODUCT_NAME = "$(TARGET_NAME)";
				TARGETED_DEVICE_FAMILY = "1,2";
			};
			name = Release;
		};
		1A3F2AFA218FCF1D000C5173 /* Debug */ = {
			isa = XCBuildConfiguration;
			buildSettings = {
				BUNDLE_LOADER = "$(TEST_HOST)";
				CODE_SIGN_STYLE = Automatic;
				DEVELOPMENT_TEAM = PG35EX39B6;
				INFOPLIST_FILE = coremlbenchmarkTests/Info.plist;
				LD_RUNPATH_SEARCH_PATHS = (
					"$(inherited)",
					"@executable_path/Frameworks",
					"@loader_path/Frameworks",
				);
				PRODUCT_BUNDLE_IDENTIFIER = com.mediatek.coremlbenchmarkTests;
				PRODUCT_NAME = "$(TARGET_NAME)";
				TARGETED_DEVICE_FAMILY = "1,2";
				TEST_HOST = "$(BUILT_PRODUCTS_DIR)/coremlbenchmark.app/coremlbenchmark";
			};
			name = Debug;
		};
		1A3F2AFB218FCF1D000C5173 /* Release */ = {
			isa = XCBuildConfiguration;
			buildSettings = {
				BUNDLE_LOADER = "$(TEST_HOST)";
				CODE_SIGN_STYLE = Automatic;
				DEVELOPMENT_TEAM = PG35EX39B6;
				INFOPLIST_FILE = coremlbenchmarkTests/Info.plist;
				LD_RUNPATH_SEARCH_PATHS = (
					"$(inherited)",
					"@executable_path/Frameworks",
					"@loader_path/Frameworks",
				);
				PRODUCT_BUNDLE_IDENTIFIER = com.mediatek.coremlbenchmarkTests;
				PRODUCT_NAME = "$(TARGET_NAME)";
				TARGETED_DEVICE_FAMILY = "1,2";
				TEST_HOST = "$(BUILT_PRODUCTS_DIR)/coremlbenchmark.app/coremlbenchmark";
			};
			name = Release;
		};
		1A3F2AFD218FCF1D000C5173 /* Debug */ = {
			isa = XCBuildConfiguration;
			buildSettings = {
				CODE_SIGN_STYLE = Automatic;
				DEVELOPMENT_TEAM = PG35EX39B6;
				INFOPLIST_FILE = coremlbenchmarkUITests/Info.plist;
				LD_RUNPATH_SEARCH_PATHS = (
					"$(inherited)",
					"@executable_path/Frameworks",
					"@loader_path/Frameworks",
				);
				PRODUCT_BUNDLE_IDENTIFIER = com.mediatek.coremlbenchmarkUITests;
				PRODUCT_NAME = "$(TARGET_NAME)";
				TARGETED_DEVICE_FAMILY = "1,2";
				TEST_TARGET_NAME = coremlbenchmark;
			};
			name = Debug;
		};
		1A3F2AFE218FCF1D000C5173 /* Release */ = {
			isa = XCBuildConfiguration;
			buildSettings = {
				CODE_SIGN_STYLE = Automatic;
				DEVELOPMENT_TEAM = PG35EX39B6;
				INFOPLIST_FILE = coremlbenchmarkUITests/Info.plist;
				LD_RUNPATH_SEARCH_PATHS = (
					"$(inherited)",
					"@executable_path/Frameworks",
					"@loader_path/Frameworks",
				);
				PRODUCT_BUNDLE_IDENTIFIER = com.mediatek.coremlbenchmarkUITests;
				PRODUCT_NAME = "$(TARGET_NAME)";
				TARGETED_DEVICE_FAMILY = "1,2";
				TEST_TARGET_NAME = coremlbenchmark;
			};
			name = Release;
		};
/* End XCBuildConfiguration section */

/* Begin XCConfigurationList section */
		1A3F2AC2218FCEFC000C5173 /* Build configuration list for PBXProject "coremlbenchmark" */ = {
			isa = XCConfigurationList;
			buildConfigurations = (
				1A3F2AF4218FCF1D000C5173 /* Debug */,
				1A3F2AF5218FCF1D000C5173 /* Release */,
			);
			defaultConfigurationIsVisible = 0;
			defaultConfigurationName = Release;
		};
		1A3F2AF6218FCF1D000C5173 /* Build configuration list for PBXNativeTarget "coremlbenchmark" */ = {
			isa = XCConfigurationList;
			buildConfigurations = (
				1A3F2AF7218FCF1D000C5173 /* Debug */,
				1A3F2AF8218FCF1D000C5173 /* Release */,
			);
			defaultConfigurationIsVisible = 0;
			defaultConfigurationName = Release;
		};
		1A3F2AF9218FCF1D000C5173 /* Build configuration list for PBXNativeTarget "coremlbenchmarkTests" */ = {
			isa = XCConfigurationList;
			buildConfigurations = (
				1A3F2AFA218FCF1D000C5173 /* Debug */,
				1A3F2AFB218FCF1D000C5173 /* Release */,
			);
			defaultConfigurationIsVisible = 0;
			defaultConfigurationName = Release;
		};
		1A3F2AFC218FCF1D000C5173 /* Build configuration list for PBXNativeTarget "coremlbenchmarkUITests" */ = {
			isa = XCConfigurationList;
			buildConfigurations = (
				1A3F2AFD218FCF1D000C5173 /* Debug */,
				1A3F2AFE218FCF1D000C5173 /* Release */,
			);
			defaultConfigurationIsVisible = 0;
			defaultConfigurationName = Release;
		};
/* End XCConfigurationList section */
	};
	rootObject = 1A3F2ABF218FCEFC000C5173 /* Project object */;
}
